// !$*UTF8*$!
{
	archiveVersion = 1;
	classes = {
	};
	objectVersion = 46;
	objects = {

/* Begin PBXBuildFile section */
		C21314250073A7806A92B53D /* lib.js in Sources */ = {isa = PBXBuildFile; fileRef = C21318D6C5F61E25F18978BF /* lib.js */; };
		C2131860A650B5E559FF1C42 /* main.c in Sources */ = {isa = PBXBuildFile; fileRef = C2131394ECB385B21C51405D /* main.c */; };
		C2131A3FDEBE6E7EF7A7D060 /* appinfo.auto.c in Sources */ = {isa = PBXBuildFile; fileRef = C21314DE20433F3065B6252F /* appinfo.auto.c */; };
		C2131A48069BFED9AF757E12 /* pebble-js-app.js in Sources */ = {isa = PBXBuildFile; fileRef = C2131746F8D73742230AEF22 /* pebble-js-app.js */; };
/* End PBXBuildFile section */

/* Begin PBXCopyFilesBuildPhase section */
		C21312805CB34C3AB1F16DFC /* CopyFiles */ = {
			isa = PBXCopyFilesBuildPhase;
			buildActionMask = 2147483647;
			dstPath = /usr/share/man/man1/;
			dstSubfolderSpec = 0;
			files = (
			);
			runOnlyForDeploymentPostprocessing = 1;
		};
/* End PBXCopyFilesBuildPhase section */

/* Begin PBXFileReference section */
		C213105D8DE891619B4270D9 /* _cache.py */ = {isa = PBXFileReference; fileEncoding = 4; lastKnownFileType = text.script.python; path = _cache.py; sourceTree = "<group>"; };
		C213107CB7F0B1F5A3147D4C /* largeicon.png */ = {isa = PBXFileReference; lastKnownFileType = image.png; path = largeicon.png; sourceTree = "<group>"; };
		C213111018BC5BFF92882FD6 /* appinfo.auto.c.8.o */ = {isa = PBXFileReference; lastKnownFileType = "compiled.mach-o.objfile"; path = appinfo.auto.c.8.o; sourceTree = "<group>"; };
		C213112B3539FAE3A4FFC5FA /* .wafpickle-darwin-34015472-98 */ = {isa = PBXFileReference; lastKnownFileType = "file.wafpickle-darwin-34015472-98"; path = ".wafpickle-darwin-34015472-98"; sourceTree = "<group>"; };
		C213114D331AED9A8A2732DB /* pgbus.c.8.o */ = {isa = PBXFileReference; lastKnownFileType = "compiled.mach-o.objfile"; path = pgbus.c.8.o; sourceTree = "<group>"; };
		C2131173DE9A789B4566A20C /* .lock-waf_darwin_build */ = {isa = PBXFileReference; lastKnownFileType = "file.lock-waf_darwin_build"; path = ".lock-waf_darwin_build"; sourceTree = "<group>"; };
		C2131287CBFA9B625741EE2B /* main.c.8.o */ = {isa = PBXFileReference; lastKnownFileType = "compiled.mach-o.objfile"; path = main.c.8.o; sourceTree = "<group>"; };
		C213138D849CBAB94864624D /* app_resources.pbpack.table */ = {isa = PBXFileReference; lastKnownFileType = file.table; path = app_resources.pbpack.table; sourceTree = "<group>"; };
		C2131394ECB385B21C51405D /* main.c */ = {isa = PBXFileReference; fileEncoding = 4; lastKnownFileType = sourcecode.c.c; path = main.c; sourceTree = "<group>"; };
		C21313D9A9AA90EAE2A0282D /* smallicon.png */ = {isa = PBXFileReference; lastKnownFileType = image.png; path = smallicon.png; sourceTree = "<group>"; };
		C21314DE20433F3065B6252F /* appinfo.auto.c */ = {isa = PBXFileReference; fileEncoding = 4; lastKnownFileType = sourcecode.c.c; path = appinfo.auto.c; sourceTree = "<group>"; };
		C21315F75BCDDAC64E2D8389 /* appinfo.json */ = {isa = PBXFileReference; lastKnownFileType = file.json; path = appinfo.json; sourceTree = "<group>"; };
		C2131695350CBD8DCA1A4CC8 /* pebble-app.map */ = {isa = PBXFileReference; lastKnownFileType = file.map; path = "pebble-app.map"; sourceTree = "<group>"; };
		C21316AF86694DDE4F7A64B6 /* PebbleGRT */ = {isa = PBXFileReference; explicitFileType = "compiled.mach-o.executable"; includeInIndex = 0; path = PebbleGRT; sourceTree = BUILT_PRODUCTS_DIR; };
		C2131746F8D73742230AEF22 /* pebble-js-app.js */ = {isa = PBXFileReference; fileEncoding = 4; lastKnownFileType = sourcecode.javascript; path = "pebble-js-app.js"; sourceTree = "<group>"; };
		C21317CF9171853927544EA0 /* pebble-app.bin */ = {isa = PBXFileReference; lastKnownFileType = archive.macbinary; path = "pebble-app.bin"; sourceTree = "<group>"; };
		C213182025D36521BF0582D6 /* .wafpickle-darwin-34014960-98 */ = {isa = PBXFileReference; lastKnownFileType = "file.wafpickle-darwin-34014960-98"; path = ".wafpickle-darwin-34014960-98"; sourceTree = "<group>"; };
		C21318C345CF82BBCC3EA1C2 /* build.config.py */ = {isa = PBXFileReference; fileEncoding = 4; lastKnownFileType = text.script.python; path = build.config.py; sourceTree = "<group>"; };
		C21318CE860E362AD590B70F /* pebble-app.elf */ = {isa = PBXFileReference; lastKnownFileType = file.elf; path = "pebble-app.elf"; sourceTree = "<group>"; };
		C21318D6C5F61E25F18978BF /* lib.js */ = {isa = PBXFileReference; fileEncoding = 4; lastKnownFileType = sourcecode.javascript; path = lib.js; sourceTree = "<group>"; };
		C213192691898AF5EEA9923F /* app_resources.pbpack */ = {isa = PBXFileReference; lastKnownFileType = file.pbpack; path = app_resources.pbpack; sourceTree = "<group>"; };
		C2131955D22B2C8DB484CC0D /* pebble-screenshot_2014-11-16_20-01-20.png */ = {isa = PBXFileReference; lastKnownFileType = image.png; path = "pebble-screenshot_2014-11-16_20-01-20.png"; sourceTree = "<group>"; };
		C2131AFD1BBF9BCA3ECCE0B3 /* pebble-screenshot_2014-11-16_20-25-35.png */ = {isa = PBXFileReference; lastKnownFileType = image.png; path = "pebble-screenshot_2014-11-16_20-25-35.png"; sourceTree = "<group>"; };
		C2131B2E20D97E8E1D0860CA /* resource_ids.auto.h */ = {isa = PBXFileReference; fileEncoding = 4; lastKnownFileType = sourcecode.c.h; path = resource_ids.auto.h; sourceTree = "<group>"; };
		C2131CE8B0EE31AB949DB7C4 /* config.log */ = {isa = PBXFileReference; lastKnownFileType = file.log; path = config.log; sourceTree = "<group>"; };
		C2131D0221CB015D5B989B33 /* app_resources.pbpack.manifest */ = {isa = PBXFileReference; lastKnownFileType = file.manifest; path = app_resources.pbpack.manifest; sourceTree = "<group>"; };
		C2131D0FAC69EEF0763ECE7C /* wscript */ = {isa = PBXFileReference; fileEncoding = 4; lastKnownFileType = text; path = wscript; sourceTree = "<group>"; };
		C2131D2C738E69CA54173F64 /* jshintrc */ = {isa = PBXFileReference; fileEncoding = 4; lastKnownFileType = text; path = jshintrc; sourceTree = "<group>"; };
		C2131D54E1F877ABD6C2A337 /* app_resources.pbpack.data */ = {isa = PBXFileReference; lastKnownFileType = file.data; path = app_resources.pbpack.data; sourceTree = "<group>"; };
		C2131DB43D148CE22FAE7FA7 /* PebbleGRT.pbw */ = {isa = PBXFileReference; lastKnownFileType = file.pbw; path = PebbleGRT.pbw; sourceTree = "<group>"; };
		C2131DECAFE613DDC4CE7018 /* nearby_buses.c.8.o */ = {isa = PBXFileReference; lastKnownFileType = "compiled.mach-o.objfile"; path = nearby_buses.c.8.o; sourceTree = "<group>"; };
		C2131EBC39E2927A0265BC36 /* header.png */ = {isa = PBXFileReference; lastKnownFileType = image.png; path = header.png; sourceTree = "<group>"; };
		C2131ED03DD036749D1CFE34 /* bus_detail.c.8.o */ = {isa = PBXFileReference; lastKnownFileType = "compiled.mach-o.objfile"; path = bus_detail.c.8.o; sourceTree = "<group>"; };
		C2131FE0DE4008031F194CAC /* pgbus.o */ = {isa = PBXFileReference; lastKnownFileType = "compiled.mach-o.objfile"; path = pgbus.o; sourceTree = "<group>"; };
		C2131FE9DEC30005CE5AC661 /* pebble-app.raw.bin */ = {isa = PBXFileReference; lastKnownFileType = archive.macbinary; path = "pebble-app.raw.bin"; sourceTree = "<group>"; };
/* End PBXFileReference section */

/* Begin PBXFrameworksBuildPhase section */
		C213107D4D935D626FA365C6 /* Frameworks */ = {
			isa = PBXFrameworksBuildPhase;
			buildActionMask = 2147483647;
			files = (
			);
			runOnlyForDeploymentPostprocessing = 0;
		};
/* End PBXFrameworksBuildPhase section */

/* Begin PBXGroup section */
		C21312FD750E4B1BC1DFB0A0 /* Products */ = {
			isa = PBXGroup;
			children = (
				C21316AF86694DDE4F7A64B6 /* PebbleGRT */,
			);
			name = Products;
			sourceTree = "<group>";
		};
		C21313A21C65B039F2B027C8 /* c4che */ = {
			isa = PBXGroup;
			children = (
				C213105D8DE891619B4270D9 /* _cache.py */,
				C21318C345CF82BBCC3EA1C2 /* build.config.py */,
			);
			path = c4che;
			sourceTree = "<group>";
		};
		C213157BEFE67BD6F4B0A9DE /* src */ = {
			isa = PBXGroup;
			children = (
				C2131E3D5E65B8F32B7DC319 /* js */,
				C2131394ECB385B21C51405D /* main.c */,
			);
			path = src;
			sourceTree = "<group>";
		};
		C21316DE53EB7FD020341C30 /* src */ = {
			isa = PBXGroup;
			children = (
				C2131287CBFA9B625741EE2B /* main.c.8.o */,
				C213114D331AED9A8A2732DB /* pgbus.c.8.o */,
				C2131ED03DD036749D1CFE34 /* bus_detail.c.8.o */,
				C2131DECAFE613DDC4CE7018 /* nearby_buses.c.8.o */,
				C2131B2E20D97E8E1D0860CA /* resource_ids.auto.h */,
			);
			path = src;
			sourceTree = "<group>";
		};
		C2131CA9AB6BB0FAD782D8E3 = {
			isa = PBXGroup;
			children = (
				C21312FD750E4B1BC1DFB0A0 /* Products */,
				C213157BEFE67BD6F4B0A9DE /* src */,
				C2131EBC39E2927A0265BC36 /* header.png */,
				C2131FE0DE4008031F194CAC /* pgbus.o */,
				C2131D0FAC69EEF0763ECE7C /* wscript */,
				C2131955D22B2C8DB484CC0D /* pebble-screenshot_2014-11-16_20-01-20.png */,
				C21315F75BCDDAC64E2D8389 /* appinfo.json */,
				C2131AFD1BBF9BCA3ECCE0B3 /* pebble-screenshot_2014-11-16_20-25-35.png */,
				C213107CB7F0B1F5A3147D4C /* largeicon.png */,
				C21313D9A9AA90EAE2A0282D /* smallicon.png */,
				C2131D2C738E69CA54173F64 /* jshintrc */,
				C2131CFF255313E03EDD106A /* build */,
			);
			sourceTree = "<group>";
		};
		C2131CFF255313E03EDD106A /* build */ = {
			isa = PBXGroup;
			children = (
				C21316DE53EB7FD020341C30 /* src */,
				C21313A21C65B039F2B027C8 /* c4che */,
				C2131CE8B0EE31AB949DB7C4 /* config.log */,
				C2131DB43D148CE22FAE7FA7 /* PebbleGRT.pbw */,
				C21314DE20433F3065B6252F /* appinfo.auto.c */,
				C21317CF9171853927544EA0 /* pebble-app.bin */,
				C21318CE860E362AD590B70F /* pebble-app.elf */,
				C2131695350CBD8DCA1A4CC8 /* pebble-app.map */,
				C2131746F8D73742230AEF22 /* pebble-js-app.js */,
				C213111018BC5BFF92882FD6 /* appinfo.auto.c.8.o */,
				C2131FE9DEC30005CE5AC661 /* pebble-app.raw.bin */,
				C213192691898AF5EEA9923F /* app_resources.pbpack */,
				C2131173DE9A789B4566A20C /* .lock-waf_darwin_build */,
				C2131D54E1F877ABD6C2A337 /* app_resources.pbpack.data */,
				C213138D849CBAB94864624D /* app_resources.pbpack.table */,
				C213182025D36521BF0582D6 /* .wafpickle-darwin-34014960-98 */,
				C213112B3539FAE3A4FFC5FA /* .wafpickle-darwin-34015472-98 */,
				C2131D0221CB015D5B989B33 /* app_resources.pbpack.manifest */,
			);
			path = build;
			sourceTree = "<group>";
		};
		C2131E3D5E65B8F32B7DC319 /* js */ = {
			isa = PBXGroup;
			children = (
				C21318D6C5F61E25F18978BF /* lib.js */,
			);
			path = js;
			sourceTree = "<group>";
		};
/* End PBXGroup section */

/* Begin PBXNativeTarget section */
		C21310A360D575DFD60A470C /* PebbleGRT */ = {
			isa = PBXNativeTarget;
			buildConfigurationList = C2131D610F80682486B0FC88 /* Build configuration list for PBXNativeTarget "PebbleGRT" */;
			buildPhases = (
				C213104CEE6031497A8F4F13 /* Sources */,
				C213107D4D935D626FA365C6 /* Frameworks */,
				C21312805CB34C3AB1F16DFC /* CopyFiles */,
			);
			buildRules = (
			);
			dependencies = (
			);
			name = PebbleGRT;
			productName = PebbleGRT;
			productReference = C21316AF86694DDE4F7A64B6 /* PebbleGRT */;
			productType = "com.apple.product-type.tool";
		};
/* End PBXNativeTarget section */

/* Begin PBXProject section */
		C21319F025D843B94F6476B6 /* Project object */ = {
			isa = PBXProject;
			attributes = {
				ORGANIZATIONNAME = "Mitchell Van Der Hoeff";
			};
			buildConfigurationList = C21317B55247D402FC69FD2F /* Build configuration list for PBXProject "PebbleGRT" */;
			compatibilityVersion = "Xcode 3.2";
			developmentRegion = English;
			hasScannedForEncodings = 0;
			knownRegions = (
				en,
			);
			mainGroup = C2131CA9AB6BB0FAD782D8E3;
			productRefGroup = C21312FD750E4B1BC1DFB0A0 /* Products */;
			projectDirPath = "";
			projectRoot = "";
			targets = (
				C21310A360D575DFD60A470C /* PebbleGRT */,
			);
		};
/* End PBXProject section */

/* Begin PBXSourcesBuildPhase section */
		C213104CEE6031497A8F4F13 /* Sources */ = {
			isa = PBXSourcesBuildPhase;
			buildActionMask = 2147483647;
			files = (
				C21314250073A7806A92B53D /* lib.js in Sources */,
				C2131860A650B5E559FF1C42 /* main.c in Sources */,
				C2131A3FDEBE6E7EF7A7D060 /* appinfo.auto.c in Sources */,
				C2131A48069BFED9AF757E12 /* pebble-js-app.js in Sources */,
			);
			runOnlyForDeploymentPostprocessing = 0;
		};
/* End PBXSourcesBuildPhase section */

/* Begin XCBuildConfiguration section */
		C213143FC177D57F25276B9F /* Release */ = {
			isa = XCBuildConfiguration;
			buildSettings = {
				PRODUCT_NAME = "$(TARGET_NAME)";
			};
			name = Release;
		};
		C2131B67A31DCE1F5C3289F4 /* Debug */ = {
			isa = XCBuildConfiguration;
			buildSettings = {
				PRODUCT_NAME = "$(TARGET_NAME)";
			};
			name = Debug;
		};
		C2131DB8D3C18F5A78CF6128 /* Release */ = {
			isa = XCBuildConfiguration;
			buildSettings = {
				ALWAYS_SEARCH_USER_PATHS = NO;
				CLANG_CXX_LANGUAGE_STANDARD = "gnu++0x";
				CLANG_CXX_LIBRARY = "libc++";
				CLANG_ENABLE_MODULES = YES;
				CLANG_ENABLE_OBJC_ARC = YES;
				CLANG_WARN_BOOL_CONVERSION = YES;
				CLANG_WARN_CONSTANT_CONVERSION = YES;
				CLANG_WARN_DIRECT_OBJC_ISA_USAGE = YES_ERROR;
				CLANG_WARN_EMPTY_BODY = YES;
				CLANG_WARN_ENUM_CONVERSION = YES;
				CLANG_WARN_INT_CONVERSION = YES;
				CLANG_WARN_OBJC_ROOT_CLASS = YES_ERROR;
				CLANG_WARN_UNREACHABLE_CODE = YES;
				CLANG_WARN__DUPLICATE_METHOD_MATCH = YES;
				COPY_PHASE_STRIP = YES;
				DEBUG_INFORMATION_FORMAT = "dwarf-with-dsym";
				ENABLE_NS_ASSERTIONS = NO;
				ENABLE_STRICT_OBJC_MSGSEND = YES;
				GCC_C_LANGUAGE_STANDARD = gnu99;
				GCC_WARN_64_TO_32_BIT_CONVERSION = YES;
				GCC_WARN_ABOUT_RETURN_TYPE = YES_ERROR;
				GCC_WARN_UNDECLARED_SELECTOR = YES;
				GCC_WARN_UNINITIALIZED_AUTOS = YES_AGGRESSIVE;
				GCC_WARN_UNUSED_FUNCTION = YES;
				GCC_WARN_UNUSED_VARIABLE = YES;
				HEADER_SEARCH_PATHS = (
					/usr/include,
				);
				MACOSX_DEPLOYMENT_TARGET = 10.10;
				MTL_ENABLE_DEBUG_INFO = NO;
				SDKROOT = macosx;
			};
			name = Release;
		};
		C2131E13DAF9575BF7CFC7AE /* Debug */ = {
			isa = XCBuildConfiguration;
			buildSettings = {
				ALWAYS_SEARCH_USER_PATHS = YES;
				CLANG_CXX_LANGUAGE_STANDARD = "gnu++0x";
				CLANG_CXX_LIBRARY = "libc++";
				CLANG_ENABLE_MODULES = YES;
				CLANG_ENABLE_OBJC_ARC = YES;
				CLANG_WARN_BOOL_CONVERSION = YES;
				CLANG_WARN_CONSTANT_CONVERSION = YES;
				CLANG_WARN_DIRECT_OBJC_ISA_USAGE = YES_ERROR;
				CLANG_WARN_EMPTY_BODY = YES;
				CLANG_WARN_ENUM_CONVERSION = YES;
				CLANG_WARN_INT_CONVERSION = YES;
				CLANG_WARN_OBJC_ROOT_CLASS = YES_ERROR;
				CLANG_WARN_UNREACHABLE_CODE = YES;
				CLANG_WARN__DUPLICATE_METHOD_MATCH = YES;
				COPY_PHASE_STRIP = NO;
				ENABLE_STRICT_OBJC_MSGSEND = YES;
				GCC_C_LANGUAGE_STANDARD = gnu99;
				GCC_DYNAMIC_NO_PIC = NO;
				GCC_OPTIMIZATION_LEVEL = 0;
				GCC_PREPROCESSOR_DEFINITIONS = (
					"DEBUG=1",
					"$(inherited)",
				);
				GCC_SYMBOLS_PRIVATE_EXTERN = NO;
				GCC_WARN_64_TO_32_BIT_CONVERSION = YES;
				GCC_WARN_ABOUT_RETURN_TYPE = YES_ERROR;
				GCC_WARN_UNDECLARED_SELECTOR = YES;
				GCC_WARN_UNINITIALIZED_AUTOS = YES_AGGRESSIVE;
				GCC_WARN_UNUSED_FUNCTION = YES;
				GCC_WARN_UNUSED_VARIABLE = YES;
				HEADER_SEARCH_PATHS = (
					/usr/include,
				);
				MACOSX_DEPLOYMENT_TARGET = 10.10;
				MTL_ENABLE_DEBUG_INFO = YES;
				SDKROOT = macosx;
			};
			name = Debug;
		};
/* End XCBuildConfiguration section */

/* Begin XCConfigurationList section */
		C21317B55247D402FC69FD2F /* Build configuration list for PBXProject "PebbleGRT" */ = {
			isa = XCConfigurationList;
			buildConfigurations = (
				C2131E13DAF9575BF7CFC7AE /* Debug */,
				C2131DB8D3C18F5A78CF6128 /* Release */,
			);
			defaultConfigurationIsVisible = 0;
			defaultConfigurationName = Release;
		};
		C2131D610F80682486B0FC88 /* Build configuration list for PBXNativeTarget "PebbleGRT" */ = {
			isa = XCConfigurationList;
			buildConfigurations = (
				C2131B67A31DCE1F5C3289F4 /* Debug */,
				C213143FC177D57F25276B9F /* Release */,
			);
			defaultConfigurationIsVisible = 0;
		};
/* End XCConfigurationList section */
	};
	rootObject = C21319F025D843B94F6476B6 /* Project object */;
}
