<?xml version="1.0" encoding="UTF-8"?>
<Scheme
   version = "1.3">
   <BuildAction>
      <BuildActionEntries>
         <BuildActionEntry
            buildForRunning = "YES">
            <BuildableReference
               BuildableIdentifier = "primary"
               BlueprintIdentifier = "C21310A360D575DFD60A470C"
               BuildableName = "PebbleGRT"
               BlueprintName = "PebbleGRT"
               ReferencedContainer = "container:PebbleGRT.xcodeproj">
            </BuildableReference>
         </BuildActionEntry>
      </BuildActionEntries>
   </BuildAction>
   <LaunchAction
      useCustomWorkingDirectory = "NO"
      buildConfiguration = "Debug">
      <BuildableProductRunnable>
         <BuildableReference
            BuildableIdentifier = "primary"
            BlueprintIdentifier = "C21310A360D575DFD60A470C"
            BuildableName = "PebbleGRT"
            BlueprintName = "PebbleGRT"
            ReferencedContainer = "container:PebbleGRT.xcodeproj">
         </BuildableReference>
      </BuildableProductRunnable>
   </LaunchAction>
</Scheme>
